
Microsoft Visual Studio Solution File, Format Version 12.00
# Visual Studio Version 16
VisualStudioVersion = 16.0.30503.244
MinimumVisualStudioVersion = 10.0.40219.1
Project("{FAE04EC0-301F-11D3-BF4B-00C04F79EFBC}") = "iPDP", "iPDP.csproj", "{D41878FF-12A7-440C-B35D-49843D894266}"
EndProject
Global
	GlobalSection(SolutionConfigurationPlatforms) = preSolution
		Debug|Any CPU = Debug|Any CPU
		Release|Any CPU = Release|Any CPU
	EndGlobalSection
	GlobalSection(ProjectConfigurationPlatforms) = postSolution
		{D41878FF-12A7-440C-B35D-49843D894266}.Debug|Any CPU.ActiveCfg = Debug|Any CPU
		{D41878FF-12A7-440C-B35D-49843D894266}.Debug|Any CPU.Build.0 = Debug|Any CPU
		{D41878FF-12A7-440C-B35D-49843D894266}.Release|Any CPU.ActiveCfg = Release|Any CPU
		{D41878FF-12A7-440C-B35D-49843D894266}.Release|Any CPU.Build.0 = Release|Any CPU
	EndGlobalSection
	GlobalSection(SolutionProperties) = preSolution
		HideSolutionNode = FALSE
	EndGlobalSection
	GlobalSection(ExtensibilityGlobals) = postSolution
		SolutionGuid = {4FE18928-50BE-4787-A281-6B64A801BC4F}
	EndGlobalSection
EndGlobal
